// !$*UTF8*$!
{
	archiveVersion = 1;
	classes = {
	};
	objectVersion = 50;
	objects = {

/* Begin PBXBuildFile section */
		551C2A2A20FD8BC4006E565E /* ModelExtensions.swift in Sources */ = {isa = PBXBuildFile; fileRef = 551C2A2920FD8BC4006E565E /* ModelExtensions.swift */; };
		55340F8020F81510007F48BB /* TypeAliases.swift in Sources */ = {isa = PBXBuildFile; fileRef = 55340F7F20F81510007F48BB /* TypeAliases.swift */; };
		553E00BE20FBFE2300819AF4 /* Router.swift in Sources */ = {isa = PBXBuildFile; fileRef = 553E00BD20FBFE2300819AF4 /* Router.swift */; };
		553E00C020FBFED000819AF4 /* CalculatorViewModel.swift in Sources */ = {isa = PBXBuildFile; fileRef = 553E00BF20FBFED000819AF4 /* CalculatorViewModel.swift */; };
		553E00C220FC003E00819AF4 /* CarSelectionRouter.swift in Sources */ = {isa = PBXBuildFile; fileRef = 553E00C120FC003E00819AF4 /* CarSelectionRouter.swift */; };
		553E00C420FC044100819AF4 /* CalculatorTableViewController.swift in Sources */ = {isa = PBXBuildFile; fileRef = 553E00C320FC044100819AF4 /* CalculatorTableViewController.swift */; };
		553E00CA20FC113900819AF4 /* CarPickerAdapter.swift in Sources */ = {isa = PBXBuildFile; fileRef = 553E00C920FC113900819AF4 /* CarPickerAdapter.swift */; };
		553E00CC20FC11A400819AF4 /* ElectricityPriceDetailAdapter.swift in Sources */ = {isa = PBXBuildFile; fileRef = 553E00CB20FC11A400819AF4 /* ElectricityPriceDetailAdapter.swift */; };
		553EE86120EEE9A200C19DE7 /* Apollo.framework in Frameworks */ = {isa = PBXBuildFile; fileRef = 553EE86020EEE9A200C19DE7 /* Apollo.framework */; };
		5575232620F57A630098A61A /* RxDataSources.framework in Frameworks */ = {isa = PBXBuildFile; fileRef = 5575232520F57A630098A61A /* RxDataSources.framework */; };
		5575232820F580DA0098A61A /* Differentiator.framework in Frameworks */ = {isa = PBXBuildFile; fileRef = 5575232720F580DA0098A61A /* Differentiator.framework */; };
		55B034AD20F42A4B00831B7F /* CarSelectionViewModel.swift in Sources */ = {isa = PBXBuildFile; fileRef = 55B034AC20F42A4B00831B7F /* CarSelectionViewModel.swift */; };
		55B034B020F42A7900831B7F /* CarSelectionViewController.swift in Sources */ = {isa = PBXBuildFile; fileRef = 55B034AF20F42A7900831B7F /* CarSelectionViewController.swift */; };
		55E2F1F620F0646100234F96 /* GraphqlQueries.graphql in Resources */ = {isa = PBXBuildFile; fileRef = 55E2F1F420F0646100234F96 /* GraphqlQueries.graphql */; };
		55E2F1F720F0646100234F96 /* schema.json in Resources */ = {isa = PBXBuildFile; fileRef = 55E2F1F520F0646100234F96 /* schema.json */; };
		55E2F1F920F0647300234F96 /* API.swift in Sources */ = {isa = PBXBuildFile; fileRef = 55E2F1F820F0647300234F96 /* API.swift */; };
		55E2F1FE20F10FD200234F96 /* Calculator.storyboard in Resources */ = {isa = PBXBuildFile; fileRef = 55E2F1FD20F10FD200234F96 /* Calculator.storyboard */; };
		6C01DF3420E709620050BD70 /* AppDelegate.swift in Sources */ = {isa = PBXBuildFile; fileRef = 6C01DF3320E709620050BD70 /* AppDelegate.swift */; };
		6C01DF3C20E709620050BD70 /* Ficus.xcdatamodeld in Sources */ = {isa = PBXBuildFile; fileRef = 6C01DF3A20E709620050BD70 /* Ficus.xcdatamodeld */; };
		6C01DF3E20E709630050BD70 /* Assets.xcassets in Resources */ = {isa = PBXBuildFile; fileRef = 6C01DF3D20E709630050BD70 /* Assets.xcassets */; };
		6C01DF4120E709630050BD70 /* LaunchScreen.storyboard in Resources */ = {isa = PBXBuildFile; fileRef = 6C01DF3F20E709630050BD70 /* LaunchScreen.storyboard */; };
		6C01DF4C20E709630050BD70 /* FicusTests.swift in Sources */ = {isa = PBXBuildFile; fileRef = 6C01DF4B20E709630050BD70 /* FicusTests.swift */; };
		6C64BB6420E8223A0057D7BE /* RxSwift.framework in Frameworks */ = {isa = PBXBuildFile; fileRef = 6C64BB6020E8223A0057D7BE /* RxSwift.framework */; };
		6C64BB6520E8223A0057D7BE /* RxCocoa.framework in Frameworks */ = {isa = PBXBuildFile; fileRef = 6C64BB6120E8223A0057D7BE /* RxCocoa.framework */; };
		6C64BB6620E8223A0057D7BE /* RxBlocking.framework in Frameworks */ = {isa = PBXBuildFile; fileRef = 6C64BB6220E8223A0057D7BE /* RxBlocking.framework */; };
		6C64BB6D20E843660057D7BE /* Alamofire.framework in Frameworks */ = {isa = PBXBuildFile; fileRef = 6C64BB6C20E843660057D7BE /* Alamofire.framework */; };
		6C64BB7220E843C10057D7BE /* ServiceError.swift in Sources */ = {isa = PBXBuildFile; fileRef = 6C64BB6F20E843C10057D7BE /* ServiceError.swift */; };
		6C64BB7320E843C10057D7BE /* APIProtocols.swift in Sources */ = {isa = PBXBuildFile; fileRef = 6C64BB7020E843C10057D7BE /* APIProtocols.swift */; };
		6C64BB7420E843C10057D7BE /* AlamofireAPIProxy.swift in Sources */ = {isa = PBXBuildFile; fileRef = 6C64BB7120E843C10057D7BE /* AlamofireAPIProxy.swift */; };
		6C64BB7820E8442B0057D7BE /* AlamofireAPIProxyTests.swift in Sources */ = {isa = PBXBuildFile; fileRef = 6C64BB7720E8442B0057D7BE /* AlamofireAPIProxyTests.swift */; };
		6C64BB7A20E845010057D7BE /* Info.plist in Resources */ = {isa = PBXBuildFile; fileRef = 6C64BB7920E845010057D7BE /* Info.plist */; };
/* End PBXBuildFile section */

/* Begin PBXContainerItemProxy section */
		6C01DF4820E709630050BD70 /* PBXContainerItemProxy */ = {
			isa = PBXContainerItemProxy;
			containerPortal = 6C01DF2820E709610050BD70 /* Project object */;
			proxyType = 1;
			remoteGlobalIDString = 6C01DF2F20E709610050BD70;
			remoteInfo = Ficus;
		};
/* End PBXContainerItemProxy section */

/* Begin PBXCopyFilesBuildPhase section */
		6C64BB7E20E847100057D7BE /* Embed Frameworks */ = {
			isa = PBXCopyFilesBuildPhase;
			buildActionMask = 2147483647;
			dstPath = "";
			dstSubfolderSpec = 10;
			files = (
			);
			name = "Embed Frameworks";
			runOnlyForDeploymentPostprocessing = 0;
		};
/* End PBXCopyFilesBuildPhase section */

/* Begin PBXFileReference section */
		551C2A2920FD8BC4006E565E /* ModelExtensions.swift */ = {isa = PBXFileReference; lastKnownFileType = sourcecode.swift; path = ModelExtensions.swift; sourceTree = "<group>"; };
		55340F7F20F81510007F48BB /* TypeAliases.swift */ = {isa = PBXFileReference; lastKnownFileType = sourcecode.swift; path = TypeAliases.swift; sourceTree = "<group>"; };
		553E00BD20FBFE2300819AF4 /* Router.swift */ = {isa = PBXFileReference; lastKnownFileType = sourcecode.swift; path = Router.swift; sourceTree = "<group>"; };
		553E00BF20FBFED000819AF4 /* CalculatorViewModel.swift */ = {isa = PBXFileReference; lastKnownFileType = sourcecode.swift; path = CalculatorViewModel.swift; sourceTree = "<group>"; };
		553E00C120FC003E00819AF4 /* CarSelectionRouter.swift */ = {isa = PBXFileReference; lastKnownFileType = sourcecode.swift; path = CarSelectionRouter.swift; sourceTree = "<group>"; };
		553E00C320FC044100819AF4 /* CalculatorTableViewController.swift */ = {isa = PBXFileReference; lastKnownFileType = sourcecode.swift; path = CalculatorTableViewController.swift; sourceTree = "<group>"; };
		553E00C920FC113900819AF4 /* CarPickerAdapter.swift */ = {isa = PBXFileReference; lastKnownFileType = sourcecode.swift; path = CarPickerAdapter.swift; sourceTree = "<group>"; };
		553E00CB20FC11A400819AF4 /* ElectricityPriceDetailAdapter.swift */ = {isa = PBXFileReference; lastKnownFileType = sourcecode.swift; path = ElectricityPriceDetailAdapter.swift; sourceTree = "<group>"; };
		553EE86020EEE9A200C19DE7 /* Apollo.framework */ = {isa = PBXFileReference; lastKnownFileType = wrapper.framework; name = Apollo.framework; path = Carthage/Build/iOS/Apollo.framework; sourceTree = "<group>"; };
		5575232520F57A630098A61A /* RxDataSources.framework */ = {isa = PBXFileReference; lastKnownFileType = wrapper.framework; name = RxDataSources.framework; path = Carthage/Build/iOS/RxDataSources.framework; sourceTree = "<group>"; };
		5575232720F580DA0098A61A /* Differentiator.framework */ = {isa = PBXFileReference; lastKnownFileType = wrapper.framework; name = Differentiator.framework; path = Carthage/Build/iOS/Differentiator.framework; sourceTree = "<group>"; };
		55B034AC20F42A4B00831B7F /* CarSelectionViewModel.swift */ = {isa = PBXFileReference; lastKnownFileType = sourcecode.swift; path = CarSelectionViewModel.swift; sourceTree = "<group>"; };
		55B034AF20F42A7900831B7F /* CarSelectionViewController.swift */ = {isa = PBXFileReference; lastKnownFileType = sourcecode.swift; path = CarSelectionViewController.swift; sourceTree = "<group>"; };
		55E2F1F420F0646100234F96 /* GraphqlQueries.graphql */ = {isa = PBXFileReference; fileEncoding = 4; lastKnownFileType = text; path = GraphqlQueries.graphql; sourceTree = "<group>"; };
		55E2F1F520F0646100234F96 /* schema.json */ = {isa = PBXFileReference; fileEncoding = 4; lastKnownFileType = text.json; path = schema.json; sourceTree = "<group>"; };
		55E2F1F820F0647300234F96 /* API.swift */ = {isa = PBXFileReference; fileEncoding = 4; lastKnownFileType = sourcecode.swift; path = API.swift; sourceTree = "<group>"; };
		55E2F1FD20F10FD200234F96 /* Calculator.storyboard */ = {isa = PBXFileReference; lastKnownFileType = file.storyboard; path = Calculator.storyboard; sourceTree = "<group>"; };
		6C01DF3020E709620050BD70 /* Ficus.app */ = {isa = PBXFileReference; explicitFileType = wrapper.application; includeInIndex = 0; path = Ficus.app; sourceTree = BUILT_PRODUCTS_DIR; };
		6C01DF3320E709620050BD70 /* AppDelegate.swift */ = {isa = PBXFileReference; lastKnownFileType = sourcecode.swift; path = AppDelegate.swift; sourceTree = "<group>"; };
		6C01DF3B20E709620050BD70 /* Ficus.xcdatamodel */ = {isa = PBXFileReference; lastKnownFileType = wrapper.xcdatamodel; path = Ficus.xcdatamodel; sourceTree = "<group>"; };
		6C01DF3D20E709630050BD70 /* Assets.xcassets */ = {isa = PBXFileReference; lastKnownFileType = folder.assetcatalog; path = Assets.xcassets; sourceTree = "<group>"; };
		6C01DF4020E709630050BD70 /* Base */ = {isa = PBXFileReference; lastKnownFileType = file.storyboard; name = Base; path = Base.lproj/LaunchScreen.storyboard; sourceTree = "<group>"; };
		6C01DF4720E709630050BD70 /* FicusTests.xctest */ = {isa = PBXFileReference; explicitFileType = wrapper.cfbundle; includeInIndex = 0; path = FicusTests.xctest; sourceTree = BUILT_PRODUCTS_DIR; };
		6C01DF4B20E709630050BD70 /* FicusTests.swift */ = {isa = PBXFileReference; lastKnownFileType = sourcecode.swift; path = FicusTests.swift; sourceTree = "<group>"; };
		6C01DF4D20E709630050BD70 /* Info.plist */ = {isa = PBXFileReference; lastKnownFileType = text.plist.xml; path = Info.plist; sourceTree = "<group>"; };
		6C64BB6020E8223A0057D7BE /* RxSwift.framework */ = {isa = PBXFileReference; lastKnownFileType = wrapper.framework; name = RxSwift.framework; path = Carthage/Build/iOS/RxSwift.framework; sourceTree = "<group>"; };
		6C64BB6120E8223A0057D7BE /* RxCocoa.framework */ = {isa = PBXFileReference; lastKnownFileType = wrapper.framework; name = RxCocoa.framework; path = Carthage/Build/iOS/RxCocoa.framework; sourceTree = "<group>"; };
		6C64BB6220E8223A0057D7BE /* RxBlocking.framework */ = {isa = PBXFileReference; lastKnownFileType = wrapper.framework; name = RxBlocking.framework; path = Carthage/Build/iOS/RxBlocking.framework; sourceTree = "<group>"; };
		6C64BB6C20E843660057D7BE /* Alamofire.framework */ = {isa = PBXFileReference; lastKnownFileType = wrapper.framework; name = Alamofire.framework; path = Carthage/Build/iOS/Alamofire.framework; sourceTree = "<group>"; };
		6C64BB6F20E843C10057D7BE /* ServiceError.swift */ = {isa = PBXFileReference; fileEncoding = 4; lastKnownFileType = sourcecode.swift; path = ServiceError.swift; sourceTree = "<group>"; };
		6C64BB7020E843C10057D7BE /* APIProtocols.swift */ = {isa = PBXFileReference; fileEncoding = 4; lastKnownFileType = sourcecode.swift; path = APIProtocols.swift; sourceTree = "<group>"; };
		6C64BB7120E843C10057D7BE /* AlamofireAPIProxy.swift */ = {isa = PBXFileReference; fileEncoding = 4; lastKnownFileType = sourcecode.swift; path = AlamofireAPIProxy.swift; sourceTree = "<group>"; };
		6C64BB7720E8442B0057D7BE /* AlamofireAPIProxyTests.swift */ = {isa = PBXFileReference; fileEncoding = 4; lastKnownFileType = sourcecode.swift; path = AlamofireAPIProxyTests.swift; sourceTree = "<group>"; };
		6C64BB7920E845010057D7BE /* Info.plist */ = {isa = PBXFileReference; fileEncoding = 4; lastKnownFileType = text.plist.xml; name = Info.plist; path = Ficus/Info.plist; sourceTree = SOURCE_ROOT; };
/* End PBXFileReference section */

/* Begin PBXFrameworksBuildPhase section */
		6C01DF2D20E709610050BD70 /* Frameworks */ = {
			isa = PBXFrameworksBuildPhase;
			buildActionMask = 2147483647;
			files = (
				6C64BB6D20E843660057D7BE /* Alamofire.framework in Frameworks */,
				553EE86120EEE9A200C19DE7 /* Apollo.framework in Frameworks */,
				6C64BB6420E8223A0057D7BE /* RxSwift.framework in Frameworks */,
				6C64BB6520E8223A0057D7BE /* RxCocoa.framework in Frameworks */,
				6C64BB6620E8223A0057D7BE /* RxBlocking.framework in Frameworks */,
				5575232620F57A630098A61A /* RxDataSources.framework in Frameworks */,
				5575232820F580DA0098A61A /* Differentiator.framework in Frameworks */,
			);
			runOnlyForDeploymentPostprocessing = 0;
		};
		6C01DF4420E709630050BD70 /* Frameworks */ = {
			isa = PBXFrameworksBuildPhase;
			buildActionMask = 2147483647;
			files = (
			);
			runOnlyForDeploymentPostprocessing = 0;
		};
/* End PBXFrameworksBuildPhase section */

/* Begin PBXGroup section */
		553E00BC20FBFE0C00819AF4 /* Routing */ = {
			isa = PBXGroup;
			children = (
				553E00BD20FBFE2300819AF4 /* Router.swift */,
				553E00C120FC003E00819AF4 /* CarSelectionRouter.swift */,
			);
			path = Routing;
			sourceTree = "<group>";
		};
		553E00C820FC100800819AF4 /* Adapters */ = {
			isa = PBXGroup;
			children = (
				553E00C920FC113900819AF4 /* CarPickerAdapter.swift */,
				553E00CB20FC11A400819AF4 /* ElectricityPriceDetailAdapter.swift */,
			);
			path = Adapters;
			sourceTree = "<group>";
		};
		55B034AE20F42A6000831B7F /* ViewControllers */ = {
			isa = PBXGroup;
			children = (
				55B034AF20F42A7900831B7F /* CarSelectionViewController.swift */,
				553E00C320FC044100819AF4 /* CalculatorTableViewController.swift */,
			);
			path = ViewControllers;
			sourceTree = "<group>";
		};
		55E2F1FA20F064A000234F96 /* ViewModel */ = {
			isa = PBXGroup;
			children = (
				553E00C820FC100800819AF4 /* Adapters */,
				55B034AC20F42A4B00831B7F /* CarSelectionViewModel.swift */,
				553E00BF20FBFED000819AF4 /* CalculatorViewModel.swift */,
			);
			path = ViewModel;
			sourceTree = "<group>";
		};
		55E2F1FB20F064A900234F96 /* Model */ = {
			isa = PBXGroup;
			children = (
				6C64BB6E20E843710057D7BE /* Networking */,
				55E2F1F820F0647300234F96 /* API.swift */,
				55340F7F20F81510007F48BB /* TypeAliases.swift */,
				551C2A2920FD8BC4006E565E /* ModelExtensions.swift */,
			);
			path = Model;
			sourceTree = "<group>";
		};
		55E2F1FC20F064B100234F96 /* GrahpQL */ = {
			isa = PBXGroup;
			children = (
				55E2F1F420F0646100234F96 /* GraphqlQueries.graphql */,
			);
			path = GrahpQL;
			sourceTree = "<group>";
		};
		6C01DF2720E709610050BD70 = {
			isa = PBXGroup;
			children = (
				6C01DF3220E709620050BD70 /* Ficus */,
				6C01DF4A20E709630050BD70 /* FicusTests */,
				6C01DF3120E709620050BD70 /* Products */,
				6C64BB5E20E8223A0057D7BE /* Frameworks */,
			);
			sourceTree = "<group>";
		};
		6C01DF3120E709620050BD70 /* Products */ = {
			isa = PBXGroup;
			children = (
				6C01DF3020E709620050BD70 /* Ficus.app */,
				6C01DF4720E709630050BD70 /* FicusTests.xctest */,
			);
			name = Products;
			sourceTree = "<group>";
		};
		6C01DF3220E709620050BD70 /* Ficus */ = {
			isa = PBXGroup;
			children = (
				55E2F1F520F0646100234F96 /* schema.json */,
				55E2F1FC20F064B100234F96 /* GrahpQL */,
				55E2F1FB20F064A900234F96 /* Model */,
				55E2F1FA20F064A000234F96 /* ViewModel */,
				6C64BB6B20E843210057D7BE /* Resources */,
				6C64BB6820E842CD0057D7BE /* View */,
				6C01DF3320E709620050BD70 /* AppDelegate.swift */,
				6C01DF3F20E709630050BD70 /* LaunchScreen.storyboard */,
			);
			path = Ficus;
			sourceTree = "<group>";
		};
		6C01DF4A20E709630050BD70 /* FicusTests */ = {
			isa = PBXGroup;
			children = (
				6C64BB7520E844000057D7BE /* Model */,
				6C01DF4B20E709630050BD70 /* FicusTests.swift */,
				6C01DF4D20E709630050BD70 /* Info.plist */,
			);
			path = FicusTests;
			sourceTree = "<group>";
		};
		6C64BB5E20E8223A0057D7BE /* Frameworks */ = {
			isa = PBXGroup;
			children = (
				5575232720F580DA0098A61A /* Differentiator.framework */,
				5575232520F57A630098A61A /* RxDataSources.framework */,
				553EE86020EEE9A200C19DE7 /* Apollo.framework */,
				6C64BB6C20E843660057D7BE /* Alamofire.framework */,
				6C64BB6220E8223A0057D7BE /* RxBlocking.framework */,
				6C64BB6120E8223A0057D7BE /* RxCocoa.framework */,
				6C64BB6020E8223A0057D7BE /* RxSwift.framework */,
			);
			name = Frameworks;
			sourceTree = "<group>";
		};
		6C64BB6820E842CD0057D7BE /* View */ = {
			isa = PBXGroup;
			children = (
				553E00BC20FBFE0C00819AF4 /* Routing */,
				55B034AE20F42A6000831B7F /* ViewControllers */,
				6C64BB6A20E842DA0057D7BE /* Storyboards */,
			);
			path = View;
			sourceTree = "<group>";
		};
		6C64BB6A20E842DA0057D7BE /* Storyboards */ = {
			isa = PBXGroup;
			children = (
				55E2F1FD20F10FD200234F96 /* Calculator.storyboard */,
			);
			path = Storyboards;
			sourceTree = "<group>";
		};
		6C64BB6B20E843210057D7BE /* Resources */ = {
			isa = PBXGroup;
			children = (
				6C64BB7920E845010057D7BE /* Info.plist */,
				6C01DF3D20E709630050BD70 /* Assets.xcassets */,
				6C01DF3A20E709620050BD70 /* Ficus.xcdatamodeld */,
			);
			path = Resources;
			sourceTree = "<group>";
		};
		6C64BB6E20E843710057D7BE /* Networking */ = {
			isa = PBXGroup;
			children = (
				6C64BB7120E843C10057D7BE /* AlamofireAPIProxy.swift */,
				6C64BB7020E843C10057D7BE /* APIProtocols.swift */,
				6C64BB6F20E843C10057D7BE /* ServiceError.swift */,
			);
			path = Networking;
			sourceTree = "<group>";
		};
		6C64BB7520E844000057D7BE /* Model */ = {
			isa = PBXGroup;
			children = (
				6C64BB7620E8440B0057D7BE /* Networking */,
			);
			path = Model;
			sourceTree = "<group>";
		};
		6C64BB7620E8440B0057D7BE /* Networking */ = {
			isa = PBXGroup;
			children = (
				6C64BB7720E8442B0057D7BE /* AlamofireAPIProxyTests.swift */,
			);
			path = Networking;
			sourceTree = "<group>";
		};
/* End PBXGroup section */

/* Begin PBXNativeTarget section */
		6C01DF2F20E709610050BD70 /* Ficus */ = {
			isa = PBXNativeTarget;
			buildConfigurationList = 6C01DF5020E709630050BD70 /* Build configuration list for PBXNativeTarget "Ficus" */;
			buildPhases = (
				553EE86220EEEA8900C19DE7 /* Generate GraphQL classes */,
				6C01DF2C20E709610050BD70 /* Sources */,
				6C01DF2D20E709610050BD70 /* Frameworks */,
				6C01DF2E20E709610050BD70 /* Resources */,
				6C64BB7E20E847100057D7BE /* Embed Frameworks */,
				6C64BB8B20E847FB0057D7BE /* ShellScript */,
			);
			buildRules = (
			);
			dependencies = (
			);
			name = Ficus;
			productName = Ficus;
			productReference = 6C01DF3020E709620050BD70 /* Ficus.app */;
			productType = "com.apple.product-type.application";
		};
		6C01DF4620E709630050BD70 /* FicusTests */ = {
			isa = PBXNativeTarget;
			buildConfigurationList = 6C01DF5320E709630050BD70 /* Build configuration list for PBXNativeTarget "FicusTests" */;
			buildPhases = (
				6C01DF4320E709630050BD70 /* Sources */,
				6C01DF4420E709630050BD70 /* Frameworks */,
				6C01DF4520E709630050BD70 /* Resources */,
			);
			buildRules = (
			);
			dependencies = (
				6C01DF4920E709630050BD70 /* PBXTargetDependency */,
			);
			name = FicusTests;
			productName = FicusTests;
			productReference = 6C01DF4720E709630050BD70 /* FicusTests.xctest */;
			productType = "com.apple.product-type.bundle.unit-test";
		};
/* End PBXNativeTarget section */

/* Begin PBXProject section */
		6C01DF2820E709610050BD70 /* Project object */ = {
			isa = PBXProject;
			attributes = {
				LastSwiftUpdateCheck = 0940;
				LastUpgradeCheck = 0940;
				ORGANIZATIONNAME = "Yeral Yamil";
				TargetAttributes = {
					6C01DF2F20E709610050BD70 = {
						CreatedOnToolsVersion = 9.4.1;
					};
					6C01DF4620E709630050BD70 = {
						CreatedOnToolsVersion = 9.4.1;
						TestTargetID = 6C01DF2F20E709610050BD70;
					};
				};
			};
			buildConfigurationList = 6C01DF2B20E709610050BD70 /* Build configuration list for PBXProject "Ficus" */;
			compatibilityVersion = "Xcode 9.3";
			developmentRegion = en;
			hasScannedForEncodings = 0;
			knownRegions = (
				en,
				Base,
			);
			mainGroup = 6C01DF2720E709610050BD70;
			productRefGroup = 6C01DF3120E709620050BD70 /* Products */;
			projectDirPath = "";
			projectRoot = "";
			targets = (
				6C01DF2F20E709610050BD70 /* Ficus */,
				6C01DF4620E709630050BD70 /* FicusTests */,
			);
		};
/* End PBXProject section */

/* Begin PBXResourcesBuildPhase section */
		6C01DF2E20E709610050BD70 /* Resources */ = {
			isa = PBXResourcesBuildPhase;
			buildActionMask = 2147483647;
			files = (
				6C64BB7A20E845010057D7BE /* Info.plist in Resources */,
				55E2F1F620F0646100234F96 /* GraphqlQueries.graphql in Resources */,
				6C01DF4120E709630050BD70 /* LaunchScreen.storyboard in Resources */,
				6C01DF3E20E709630050BD70 /* Assets.xcassets in Resources */,
				55E2F1F720F0646100234F96 /* schema.json in Resources */,
				55E2F1FE20F10FD200234F96 /* Calculator.storyboard in Resources */,
			);
			runOnlyForDeploymentPostprocessing = 0;
		};
		6C01DF4520E709630050BD70 /* Resources */ = {
			isa = PBXResourcesBuildPhase;
			buildActionMask = 2147483647;
			files = (
			);
			runOnlyForDeploymentPostprocessing = 0;
		};
/* End PBXResourcesBuildPhase section */

/* Begin PBXShellScriptBuildPhase section */
		553EE86220EEEA8900C19DE7 /* Generate GraphQL classes */ = {
			isa = PBXShellScriptBuildPhase;
			buildActionMask = 2147483647;
			files = (
			);
			inputPaths = (
			);
			name = "Generate GraphQL classes";
			outputPaths = (
			);
			runOnlyForDeploymentPostprocessing = 0;
			shellPath = /bin/sh;
			shellScript = "APOLLO_FRAMEWORK_PATH=\"$(eval find $FRAMEWORK_SEARCH_PATHS -name \"Apollo.framework\" -maxdepth 1)\"\n\nif [ -z \"$APOLLO_FRAMEWORK_PATH\" ]; then\necho \"error: Couldn't find Apollo.framework in FRAMEWORK_SEARCH_PATHS; make sure to add the framework to your project.\"\nexit 1\nfi\n\ncd \"${SRCROOT}/${TARGET_NAME}\"\n$APOLLO_FRAMEWORK_PATH/check-and-run-apollo-codegen.sh generate $(find . -name '*.graphql') --schema schema.json --output Model/API.swift";
		};
		6C64BB8B20E847FB0057D7BE /* ShellScript */ = {
			isa = PBXShellScriptBuildPhase;
			buildActionMask = 2147483647;
			files = (
			);
			inputPaths = (
				"$(SRCROOT)/../Ficus/Carthage/Build/iOS/Alamofire.framework",
				"$(SRCROOT)/../Ficus/Carthage/Build/iOS/RxTest.framework",
				"$(SRCROOT)/../Ficus/Carthage/Build/iOS/RxCocoa.framework",
				"$(SRCROOT)/../Ficus/Carthage/Build/iOS/RxSwift.framework",
				"$(SRCROOT)/../Ficus/Carthage/Build/iOS/RxBlocking.framework",
				"$(SRCROOT)/../Ficus/Carthage/Build/iOS/Apollo.framework",
				"$(SRCROOT)/../Ficus/Carthage/Build/iOS/RxDataSources.framework",
				"$(SRCROOT)/../Ficus/Carthage/Build/iOS/Differentiator.framework",
			);
			outputPaths = (
			);
			runOnlyForDeploymentPostprocessing = 0;
			shellPath = /bin/sh;
			shellScript = "/usr/local/bin/carthage copy-frameworks";
		};
/* End PBXShellScriptBuildPhase section */

/* Begin PBXSourcesBuildPhase section */
		6C01DF2C20E709610050BD70 /* Sources */ = {
			isa = PBXSourcesBuildPhase;
			buildActionMask = 2147483647;
			files = (
				6C64BB7220E843C10057D7BE /* ServiceError.swift in Sources */,
				551C2A2A20FD8BC4006E565E /* ModelExtensions.swift in Sources */,
				6C01DF3C20E709620050BD70 /* Ficus.xcdatamodeld in Sources */,
				553E00CC20FC11A400819AF4 /* ElectricityPriceDetailAdapter.swift in Sources */,
				553E00BE20FBFE2300819AF4 /* Router.swift in Sources */,
				553E00C020FBFED000819AF4 /* CalculatorViewModel.swift in Sources */,
				553E00C220FC003E00819AF4 /* CarSelectionRouter.swift in Sources */,
				55B034B020F42A7900831B7F /* CarSelectionViewController.swift in Sources */,
				55340F8020F81510007F48BB /* TypeAliases.swift in Sources */,
				6C64BB7320E843C10057D7BE /* APIProtocols.swift in Sources */,
				6C64BB7420E843C10057D7BE /* AlamofireAPIProxy.swift in Sources */,
				6C01DF3420E709620050BD70 /* AppDelegate.swift in Sources */,
				553E00C420FC044100819AF4 /* CalculatorTableViewController.swift in Sources */,
				55B034AD20F42A4B00831B7F /* CarSelectionViewModel.swift in Sources */,
				553E00CA20FC113900819AF4 /* CarPickerAdapter.swift in Sources */,
				55E2F1F920F0647300234F96 /* API.swift in Sources */,
			);
			runOnlyForDeploymentPostprocessing = 0;
		};
		6C01DF4320E709630050BD70 /* Sources */ = {
			isa = PBXSourcesBuildPhase;
			buildActionMask = 2147483647;
			files = (
				6C64BB7820E8442B0057D7BE /* AlamofireAPIProxyTests.swift in Sources */,
				6C01DF4C20E709630050BD70 /* FicusTests.swift in Sources */,
			);
			runOnlyForDeploymentPostprocessing = 0;
		};
/* End PBXSourcesBuildPhase section */

/* Begin PBXTargetDependency section */
		6C01DF4920E709630050BD70 /* PBXTargetDependency */ = {
			isa = PBXTargetDependency;
			target = 6C01DF2F20E709610050BD70 /* Ficus */;
			targetProxy = 6C01DF4820E709630050BD70 /* PBXContainerItemProxy */;
		};
/* End PBXTargetDependency section */

/* Begin PBXVariantGroup section */
		6C01DF3F20E709630050BD70 /* LaunchScreen.storyboard */ = {
			isa = PBXVariantGroup;
			children = (
				6C01DF4020E709630050BD70 /* Base */,
			);
			name = LaunchScreen.storyboard;
			sourceTree = "<group>";
		};
/* End PBXVariantGroup section */

/* Begin XCBuildConfiguration section */
		6C01DF4E20E709630050BD70 /* Debug */ = {
			isa = XCBuildConfiguration;
			buildSettings = {
				ALWAYS_SEARCH_USER_PATHS = NO;
				CLANG_ANALYZER_NONNULL = YES;
				CLANG_ANALYZER_NUMBER_OBJECT_CONVERSION = YES_AGGRESSIVE;
				CLANG_CXX_LANGUAGE_STANDARD = "gnu++14";
				CLANG_CXX_LIBRARY = "libc++";
				CLANG_ENABLE_MODULES = YES;
				CLANG_ENABLE_OBJC_ARC = YES;
				CLANG_ENABLE_OBJC_WEAK = YES;
				CLANG_WARN_BLOCK_CAPTURE_AUTORELEASING = YES;
				CLANG_WARN_BOOL_CONVERSION = YES;
				CLANG_WARN_COMMA = YES;
				CLANG_WARN_CONSTANT_CONVERSION = YES;
				CLANG_WARN_DEPRECATED_OBJC_IMPLEMENTATIONS = YES;
				CLANG_WARN_DIRECT_OBJC_ISA_USAGE = YES_ERROR;
				CLANG_WARN_DOCUMENTATION_COMMENTS = YES;
				CLANG_WARN_EMPTY_BODY = YES;
				CLANG_WARN_ENUM_CONVERSION = YES;
				CLANG_WARN_INFINITE_RECURSION = YES;
				CLANG_WARN_INT_CONVERSION = YES;
				CLANG_WARN_NON_LITERAL_NULL_CONVERSION = YES;
				CLANG_WARN_OBJC_IMPLICIT_RETAIN_SELF = YES;
				CLANG_WARN_OBJC_LITERAL_CONVERSION = YES;
				CLANG_WARN_OBJC_ROOT_CLASS = YES_ERROR;
				CLANG_WARN_RANGE_LOOP_ANALYSIS = YES;
				CLANG_WARN_STRICT_PROTOTYPES = YES;
				CLANG_WARN_SUSPICIOUS_MOVE = YES;
				CLANG_WARN_UNGUARDED_AVAILABILITY = YES_AGGRESSIVE;
				CLANG_WARN_UNREACHABLE_CODE = YES;
				CLANG_WARN__DUPLICATE_METHOD_MATCH = YES;
				CODE_SIGN_IDENTITY = "iPhone Developer";
				COPY_PHASE_STRIP = NO;
				DEBUG_INFORMATION_FORMAT = dwarf;
				ENABLE_STRICT_OBJC_MSGSEND = YES;
				ENABLE_TESTABILITY = YES;
				GCC_C_LANGUAGE_STANDARD = gnu11;
				GCC_DYNAMIC_NO_PIC = NO;
				GCC_NO_COMMON_BLOCKS = YES;
				GCC_OPTIMIZATION_LEVEL = 0;
				GCC_PREPROCESSOR_DEFINITIONS = (
					"DEBUG=1",
					"$(inherited)",
				);
				GCC_WARN_64_TO_32_BIT_CONVERSION = YES;
				GCC_WARN_ABOUT_RETURN_TYPE = YES_ERROR;
				GCC_WARN_UNDECLARED_SELECTOR = YES;
				GCC_WARN_UNINITIALIZED_AUTOS = YES_AGGRESSIVE;
				GCC_WARN_UNUSED_FUNCTION = YES;
				GCC_WARN_UNUSED_VARIABLE = YES;
				IPHONEOS_DEPLOYMENT_TARGET = 11.4;
				MTL_ENABLE_DEBUG_INFO = YES;
				ONLY_ACTIVE_ARCH = YES;
				SDKROOT = iphoneos;
				SWIFT_ACTIVE_COMPILATION_CONDITIONS = DEBUG;
				SWIFT_OPTIMIZATION_LEVEL = "-Onone";
			};
			name = Debug;
		};
		6C01DF4F20E709630050BD70 /* Release */ = {
			isa = XCBuildConfiguration;
			buildSettings = {
				ALWAYS_SEARCH_USER_PATHS = NO;
				CLANG_ANALYZER_NONNULL = YES;
				CLANG_ANALYZER_NUMBER_OBJECT_CONVERSION = YES_AGGRESSIVE;
				CLANG_CXX_LANGUAGE_STANDARD = "gnu++14";
				CLANG_CXX_LIBRARY = "libc++";
				CLANG_ENABLE_MODULES = YES;
				CLANG_ENABLE_OBJC_ARC = YES;
				CLANG_ENABLE_OBJC_WEAK = YES;
				CLANG_WARN_BLOCK_CAPTURE_AUTORELEASING = YES;
				CLANG_WARN_BOOL_CONVERSION = YES;
				CLANG_WARN_COMMA = YES;
				CLANG_WARN_CONSTANT_CONVERSION = YES;
				CLANG_WARN_DEPRECATED_OBJC_IMPLEMENTATIONS = YES;
				CLANG_WARN_DIRECT_OBJC_ISA_USAGE = YES_ERROR;
				CLANG_WARN_DOCUMENTATION_COMMENTS = YES;
				CLANG_WARN_EMPTY_BODY = YES;
				CLANG_WARN_ENUM_CONVERSION = YES;
				CLANG_WARN_INFINITE_RECURSION = YES;
				CLANG_WARN_INT_CONVERSION = YES;
				CLANG_WARN_NON_LITERAL_NULL_CONVERSION = YES;
				CLANG_WARN_OBJC_IMPLICIT_RETAIN_SELF = YES;
				CLANG_WARN_OBJC_LITERAL_CONVERSION = YES;
				CLANG_WARN_OBJC_ROOT_CLASS = YES_ERROR;
				CLANG_WARN_RANGE_LOOP_ANALYSIS = YES;
				CLANG_WARN_STRICT_PROTOTYPES = YES;
				CLANG_WARN_SUSPICIOUS_MOVE = YES;
				CLANG_WARN_UNGUARDED_AVAILABILITY = YES_AGGRESSIVE;
				CLANG_WARN_UNREACHABLE_CODE = YES;
				CLANG_WARN__DUPLICATE_METHOD_MATCH = YES;
				CODE_SIGN_IDENTITY = "iPhone Developer";
				COPY_PHASE_STRIP = NO;
				DEBUG_INFORMATION_FORMAT = "dwarf-with-dsym";
				ENABLE_NS_ASSERTIONS = NO;
				ENABLE_STRICT_OBJC_MSGSEND = YES;
				GCC_C_LANGUAGE_STANDARD = gnu11;
				GCC_NO_COMMON_BLOCKS = YES;
				GCC_WARN_64_TO_32_BIT_CONVERSION = YES;
				GCC_WARN_ABOUT_RETURN_TYPE = YES_ERROR;
				GCC_WARN_UNDECLARED_SELECTOR = YES;
				GCC_WARN_UNINITIALIZED_AUTOS = YES_AGGRESSIVE;
				GCC_WARN_UNUSED_FUNCTION = YES;
				GCC_WARN_UNUSED_VARIABLE = YES;
				IPHONEOS_DEPLOYMENT_TARGET = 11.4;
				MTL_ENABLE_DEBUG_INFO = NO;
				SDKROOT = iphoneos;
				SWIFT_COMPILATION_MODE = wholemodule;
				SWIFT_OPTIMIZATION_LEVEL = "-O";
				VALIDATE_PRODUCT = YES;
			};
			name = Release;
		};
		6C01DF5120E709630050BD70 /* Debug */ = {
			isa = XCBuildConfiguration;
			buildSettings = {
				ASSETCATALOG_COMPILER_APPICON_NAME = AppIcon;
				CLANG_ANALYZER_LOCALIZABILITY_EMPTY_CONTEXT = YES;
				CLANG_ANALYZER_LOCALIZABILITY_NONLOCALIZED = YES;
				CODE_SIGN_STYLE = Automatic;
				DEVELOPMENT_TEAM = D8S2BW5FF2;
				FRAMEWORK_SEARCH_PATHS = (
					"$(inherited)",
					"$(PROJECT_DIR)/Carthage/Build/iOS",
				);
				INFOPLIST_FILE = Ficus/Info.plist;
				IPHONEOS_DEPLOYMENT_TARGET = 10.0;
				LD_RUNPATH_SEARCH_PATHS = (
					"$(inherited)",
					"@executable_path/Frameworks",
				);
				PRODUCT_BUNDLE_IDENTIFIER = com.yyc.Ficus;
				PRODUCT_NAME = "$(TARGET_NAME)";
				SWIFT_TREAT_WARNINGS_AS_ERRORS = YES;
				SWIFT_VERSION = 4.0;
				TARGETED_DEVICE_FAMILY = "1,2";
			};
			name = Debug;
		};
		6C01DF5220E709630050BD70 /* Release */ = {
			isa = XCBuildConfiguration;
			buildSettings = {
				ASSETCATALOG_COMPILER_APPICON_NAME = AppIcon;
				CLANG_ANALYZER_LOCALIZABILITY_EMPTY_CONTEXT = YES;
				CLANG_ANALYZER_LOCALIZABILITY_NONLOCALIZED = YES;
				CODE_SIGN_STYLE = Automatic;
				DEVELOPMENT_TEAM = D8S2BW5FF2;
				FRAMEWORK_SEARCH_PATHS = (
					"$(inherited)",
					"$(PROJECT_DIR)/Carthage/Build/iOS",
				);
				INFOPLIST_FILE = Ficus/Info.plist;
				IPHONEOS_DEPLOYMENT_TARGET = 10.0;
				LD_RUNPATH_SEARCH_PATHS = (
					"$(inherited)",
					"@executable_path/Frameworks",
				);
				PRODUCT_BUNDLE_IDENTIFIER = com.yyc.Ficus;
				PRODUCT_NAME = "$(TARGET_NAME)";
				SWIFT_TREAT_WARNINGS_AS_ERRORS = YES;
				SWIFT_VERSION = 4.0;
				TARGETED_DEVICE_FAMILY = "1,2";
			};
			name = Release;
		};
		6C01DF5420E709630050BD70 /* Debug */ = {
			isa = XCBuildConfiguration;
			buildSettings = {
				ALWAYS_EMBED_SWIFT_STANDARD_LIBRARIES = YES;
				BUNDLE_LOADER = "$(TEST_HOST)";
				CODE_SIGN_STYLE = Automatic;
				DEVELOPMENT_TEAM = TZ5S7675K5;
				INFOPLIST_FILE = FicusTests/Info.plist;
				LD_RUNPATH_SEARCH_PATHS = (
					"$(inherited)",
					"@executable_path/Frameworks",
					"@loader_path/Frameworks",
				);
				PRODUCT_BUNDLE_IDENTIFIER = com.yyc.FicusTests;
				PRODUCT_NAME = "$(TARGET_NAME)";
				SWIFT_VERSION = 4.0;
				TARGETED_DEVICE_FAMILY = "1,2";
				TEST_HOST = "$(BUILT_PRODUCTS_DIR)/Ficus.app/Ficus";
			};
			name = Debug;
		};
		6C01DF5520E709630050BD70 /* Release */ = {
			isa = XCBuildConfiguration;
			buildSettings = {
				ALWAYS_EMBED_SWIFT_STANDARD_LIBRARIES = YES;
				BUNDLE_LOADER = "$(TEST_HOST)";
				CODE_SIGN_STYLE = Automatic;
				DEVELOPMENT_TEAM = TZ5S7675K5;
				INFOPLIST_FILE = FicusTests/Info.plist;
				LD_RUNPATH_SEARCH_PATHS = (
					"$(inherited)",
					"@executable_path/Frameworks",
					"@loader_path/Frameworks",
				);
				PRODUCT_BUNDLE_IDENTIFIER = com.yyc.FicusTests;
				PRODUCT_NAME = "$(TARGET_NAME)";
				SWIFT_VERSION = 4.0;
				TARGETED_DEVICE_FAMILY = "1,2";
				TEST_HOST = "$(BUILT_PRODUCTS_DIR)/Ficus.app/Ficus";
			};
			name = Release;
		};
/* End XCBuildConfiguration section */

/* Begin XCConfigurationList section */
		6C01DF2B20E709610050BD70 /* Build configuration list for PBXProject "Ficus" */ = {
			isa = XCConfigurationList;
			buildConfigurations = (
				6C01DF4E20E709630050BD70 /* Debug */,
				6C01DF4F20E709630050BD70 /* Release */,
			);
			defaultConfigurationIsVisible = 0;
			defaultConfigurationName = Release;
		};
		6C01DF5020E709630050BD70 /* Build configuration list for PBXNativeTarget "Ficus" */ = {
			isa = XCConfigurationList;
			buildConfigurations = (
				6C01DF5120E709630050BD70 /* Debug */,
				6C01DF5220E709630050BD70 /* Release */,
			);
			defaultConfigurationIsVisible = 0;
			defaultConfigurationName = Release;
		};
		6C01DF5320E709630050BD70 /* Build configuration list for PBXNativeTarget "FicusTests" */ = {
			isa = XCConfigurationList;
			buildConfigurations = (
				6C01DF5420E709630050BD70 /* Debug */,
				6C01DF5520E709630050BD70 /* Release */,
			);
			defaultConfigurationIsVisible = 0;
			defaultConfigurationName = Release;
		};
/* End XCConfigurationList section */

/* Begin XCVersionGroup section */
		6C01DF3A20E709620050BD70 /* Ficus.xcdatamodeld */ = {
			isa = XCVersionGroup;
			children = (
				6C01DF3B20E709620050BD70 /* Ficus.xcdatamodel */,
			);
			currentVersion = 6C01DF3B20E709620050BD70 /* Ficus.xcdatamodel */;
			path = Ficus.xcdatamodeld;
			sourceTree = "<group>";
			versionGroupType = wrapper.xcdatamodel;
		};
/* End XCVersionGroup section */
	};
	rootObject = 6C01DF2820E709610050BD70 /* Project object */;
}
